// !$*UTF8*$!
{
	archiveVersion = 1;
	classes = {
	};
	objectVersion = 55;
	objects = {

/* Begin PBXBuildFile section */
		004BFF50277C72B00057CD8C /* AppDelegate.swift in Sources */ = {isa = PBXBuildFile; fileRef = 004BFF4F277C72B00057CD8C /* AppDelegate.swift */; };
		004BFF52277C72B00057CD8C /* SceneDelegate.swift in Sources */ = {isa = PBXBuildFile; fileRef = 004BFF51277C72B00057CD8C /* SceneDelegate.swift */; };
		004BFF54277C72B00057CD8C /* ViewController.swift in Sources */ = {isa = PBXBuildFile; fileRef = 004BFF53277C72B00057CD8C /* ViewController.swift */; };
		004BFF57277C72B00057CD8C /* Main.storyboard in Resources */ = {isa = PBXBuildFile; fileRef = 004BFF55277C72B00057CD8C /* Main.storyboard */; };
		004BFF59277C72B30057CD8C /* Assets.xcassets in Resources */ = {isa = PBXBuildFile; fileRef = 004BFF58277C72B30057CD8C /* Assets.xcassets */; };
		004BFF5C277C72B30057CD8C /* LaunchScreen.storyboard in Resources */ = {isa = PBXBuildFile; fileRef = 004BFF5A277C72B30057CD8C /* LaunchScreen.storyboard */; };
		005C4FF9277C904500B1CCF4 /* GoogleService-Info.plist in Resources */ = {isa = PBXBuildFile; fileRef = 005C4FF8277C904500B1CCF4 /* GoogleService-Info.plist */; };
		006C0AE1277C8647005D7282 /* FirebaseAnalytics in Frameworks */ = {isa = PBXBuildFile; productRef = 006C0AE0277C8647005D7282 /* FirebaseAnalytics */; };
		006C0AE3277C8647005D7282 /* FirebaseAuth in Frameworks */ = {isa = PBXBuildFile; productRef = 006C0AE2277C8647005D7282 /* FirebaseAuth */; };
		006C0AE5277C8647005D7282 /* FirebaseDatabase in Frameworks */ = {isa = PBXBuildFile; productRef = 006C0AE4277C8647005D7282 /* FirebaseDatabase */; };
		006C0AE7277C8647005D7282 /* FirebaseStorage in Frameworks */ = {isa = PBXBuildFile; productRef = 006C0AE6277C8647005D7282 /* FirebaseStorage */; };
		00A5CC0A2782D70C007E478E /* ProfileVC.swift in Sources */ = {isa = PBXBuildFile; fileRef = 00A5CC092782D70B007E478E /* ProfileVC.swift */; };
		00D2B2DC277DCF41002C3ED4 /* SignUp.swift in Sources */ = {isa = PBXBuildFile; fileRef = 00D2B2DB277DCF41002C3ED4 /* SignUp.swift */; };
/* End PBXBuildFile section */

/* Begin PBXFileReference section */
		004BFF4C277C72B00057CD8C /* Chat-FullStackProject.app */ = {isa = PBXFileReference; explicitFileType = wrapper.application; includeInIndex = 0; path = "Chat-FullStackProject.app"; sourceTree = BUILT_PRODUCTS_DIR; };
		004BFF4F277C72B00057CD8C /* AppDelegate.swift */ = {isa = PBXFileReference; lastKnownFileType = sourcecode.swift; path = AppDelegate.swift; sourceTree = "<group>"; };
		004BFF51277C72B00057CD8C /* SceneDelegate.swift */ = {isa = PBXFileReference; lastKnownFileType = sourcecode.swift; path = SceneDelegate.swift; sourceTree = "<group>"; };
		004BFF53277C72B00057CD8C /* ViewController.swift */ = {isa = PBXFileReference; lastKnownFileType = sourcecode.swift; path = ViewController.swift; sourceTree = "<group>"; };
		004BFF56277C72B00057CD8C /* Base */ = {isa = PBXFileReference; lastKnownFileType = file.storyboard; name = Base; path = Base.lproj/Main.storyboard; sourceTree = "<group>"; };
		004BFF58277C72B30057CD8C /* Assets.xcassets */ = {isa = PBXFileReference; lastKnownFileType = folder.assetcatalog; path = Assets.xcassets; sourceTree = "<group>"; };
		004BFF5B277C72B30057CD8C /* Base */ = {isa = PBXFileReference; lastKnownFileType = file.storyboard; name = Base; path = Base.lproj/LaunchScreen.storyboard; sourceTree = "<group>"; };
		004BFF5D277C72B30057CD8C /* Info.plist */ = {isa = PBXFileReference; lastKnownFileType = text.plist.xml; path = Info.plist; sourceTree = "<group>"; };
		005C4FF8277C904500B1CCF4 /* GoogleService-Info.plist */ = {isa = PBXFileReference; fileEncoding = 4; lastKnownFileType = text.plist.xml; path = "GoogleService-Info.plist"; sourceTree = "<group>"; };
		00A5CC092782D70B007E478E /* ProfileVC.swift */ = {isa = PBXFileReference; lastKnownFileType = sourcecode.swift; path = ProfileVC.swift; sourceTree = "<group>"; };
		00D2B2DB277DCF41002C3ED4 /* SignUp.swift */ = {isa = PBXFileReference; lastKnownFileType = sourcecode.swift; path = SignUp.swift; sourceTree = "<group>"; };
/* End PBXFileReference section */

/* Begin PBXFrameworksBuildPhase section */
		004BFF49277C72B00057CD8C /* Frameworks */ = {
			isa = PBXFrameworksBuildPhase;
			buildActionMask = 2147483647;
			files = (
				006C0AE5277C8647005D7282 /* FirebaseDatabase in Frameworks */,
				006C0AE7277C8647005D7282 /* FirebaseStorage in Frameworks */,
				006C0AE1277C8647005D7282 /* FirebaseAnalytics in Frameworks */,
				006C0AE3277C8647005D7282 /* FirebaseAuth in Frameworks */,
			);
			runOnlyForDeploymentPostprocessing = 0;
		};
/* End PBXFrameworksBuildPhase section */

/* Begin PBXGroup section */
		004BFF43277C72B00057CD8C = {
			isa = PBXGroup;
			children = (
				004BFF4E277C72B00057CD8C /* Chat-FullStackProject */,
				004BFF4D277C72B00057CD8C /* Products */,
			);
			sourceTree = "<group>";
		};
		004BFF4D277C72B00057CD8C /* Products */ = {
			isa = PBXGroup;
			children = (
				004BFF4C277C72B00057CD8C /* Chat-FullStackProject.app */,
			);
			name = Products;
			sourceTree = "<group>";
		};
		004BFF4E277C72B00057CD8C /* Chat-FullStackProject */ = {
			isa = PBXGroup;
			children = (
				00D2B2D8277DCEC6002C3ED4 /* Screens */,
				00D2B2D7277DCE77002C3ED4 /* Controlers */,
				00D2B2D6277DCE29002C3ED4 /* ChatApp */,
				004BFF58277C72B30057CD8C /* Assets.xcassets */,
				004BFF5D277C72B30057CD8C /* Info.plist */,
				005C4FF8277C904500B1CCF4 /* GoogleService-Info.plist */,
			);
			path = "Chat-FullStackProject";
			sourceTree = "<group>";
		};
		00D2B2D6277DCE29002C3ED4 /* ChatApp */ = {
			isa = PBXGroup;
			children = (
				004BFF4F277C72B00057CD8C /* AppDelegate.swift */,
				004BFF51277C72B00057CD8C /* SceneDelegate.swift */,
			);
			path = ChatApp;
			sourceTree = "<group>";
		};
		00D2B2D7277DCE77002C3ED4 /* Controlers */ = {
			isa = PBXGroup;
			children = (
				004BFF53277C72B00057CD8C /* ViewController.swift */,
				00D2B2DB277DCF41002C3ED4 /* SignUp.swift */,
				00A5CC092782D70B007E478E /* ProfileVC.swift */,
			);
			path = Controlers;
			sourceTree = "<group>";
		};
		00D2B2D8277DCEC6002C3ED4 /* Screens */ = {
			isa = PBXGroup;
			children = (
				004BFF55277C72B00057CD8C /* Main.storyboard */,
				004BFF5A277C72B30057CD8C /* LaunchScreen.storyboard */,
			);
			path = Screens;
			sourceTree = "<group>";
		};
/* End PBXGroup section */

/* Begin PBXNativeTarget section */
		004BFF4B277C72B00057CD8C /* Chat-FullStackProject */ = {
			isa = PBXNativeTarget;
			buildConfigurationList = 004BFF60277C72B30057CD8C /* Build configuration list for PBXNativeTarget "Chat-FullStackProject" */;
			buildPhases = (
				004BFF48277C72B00057CD8C /* Sources */,
				004BFF49277C72B00057CD8C /* Frameworks */,
				004BFF4A277C72B00057CD8C /* Resources */,
			);
			buildRules = (
			);
			dependencies = (
			);
			name = "Chat-FullStackProject";
			packageProductDependencies = (
				006C0AE0277C8647005D7282 /* FirebaseAnalytics */,
				006C0AE2277C8647005D7282 /* FirebaseAuth */,
				006C0AE4277C8647005D7282 /* FirebaseDatabase */,
				006C0AE6277C8647005D7282 /* FirebaseStorage */,
			);
			productName = "Chat-FullStackProject";
			productReference = 004BFF4C277C72B00057CD8C /* Chat-FullStackProject.app */;
			productType = "com.apple.product-type.application";
		};
/* End PBXNativeTarget section */

/* Begin PBXProject section */
		004BFF44277C72B00057CD8C /* Project object */ = {
			isa = PBXProject;
			attributes = {
				BuildIndependentTargetsInParallel = 1;
				LastSwiftUpdateCheck = 1310;
				LastUpgradeCheck = 1310;
				TargetAttributes = {
					004BFF4B277C72B00057CD8C = {
						CreatedOnToolsVersion = 13.1;
					};
				};
			};
			buildConfigurationList = 004BFF47277C72B00057CD8C /* Build configuration list for PBXProject "Chat-FullStackProject" */;
			compatibilityVersion = "Xcode 13.0";
			developmentRegion = en;
			hasScannedForEncodings = 0;
			knownRegions = (
				en,
				Base,
			);
			mainGroup = 004BFF43277C72B00057CD8C;
			packageReferences = (
				006C0ADF277C8647005D7282 /* XCRemoteSwiftPackageReference "firebase-ios-sdk" */,
			);
			productRefGroup = 004BFF4D277C72B00057CD8C /* Products */;
			projectDirPath = "";
			projectRoot = "";
			targets = (
				004BFF4B277C72B00057CD8C /* Chat-FullStackProject */,
			);
		};
/* End PBXProject section */

/* Begin PBXResourcesBuildPhase section */
		004BFF4A277C72B00057CD8C /* Resources */ = {
			isa = PBXResourcesBuildPhase;
			buildActionMask = 2147483647;
			files = (
				004BFF5C277C72B30057CD8C /* LaunchScreen.storyboard in Resources */,
				005C4FF9277C904500B1CCF4 /* GoogleService-Info.plist in Resources */,
				004BFF59277C72B30057CD8C /* Assets.xcassets in Resources */,
				004BFF57277C72B00057CD8C /* Main.storyboard in Resources */,
			);
			runOnlyForDeploymentPostprocessing = 0;
		};
/* End PBXResourcesBuildPhase section */

/* Begin PBXSourcesBuildPhase section */
		004BFF48277C72B00057CD8C /* Sources */ = {
			isa = PBXSourcesBuildPhase;
			buildActionMask = 2147483647;
			files = (
				00A5CC0A2782D70C007E478E /* ProfileVC.swift in Sources */,
				004BFF54277C72B00057CD8C /* ViewController.swift in Sources */,
				004BFF50277C72B00057CD8C /* AppDelegate.swift in Sources */,
				004BFF52277C72B00057CD8C /* SceneDelegate.swift in Sources */,
				00D2B2DC277DCF41002C3ED4 /* SignUp.swift in Sources */,
			);
			runOnlyForDeploymentPostprocessing = 0;
		};
/* End PBXSourcesBuildPhase section */

/* Begin PBXVariantGroup section */
		004BFF55277C72B00057CD8C /* Main.storyboard */ = {
			isa = PBXVariantGroup;
			children = (
				004BFF56277C72B00057CD8C /* Base */,
			);
			name = Main.storyboard;
			sourceTree = "<group>";
		};
		004BFF5A277C72B30057CD8C /* LaunchScreen.storyboard */ = {
			isa = PBXVariantGroup;
			children = (
				004BFF5B277C72B30057CD8C /* Base */,
			);
			name = LaunchScreen.storyboard;
			sourceTree = "<group>";
		};
/* End PBXVariantGroup section */

/* Begin XCBuildConfiguration section */
		004BFF5E277C72B30057CD8C /* Debug */ = {
			isa = XCBuildConfiguration;
			buildSettings = {
				ALWAYS_SEARCH_USER_PATHS = NO;
				CLANG_ANALYZER_NONNULL = YES;
				CLANG_ANALYZER_NUMBER_OBJECT_CONVERSION = YES_AGGRESSIVE;
				CLANG_CXX_LANGUAGE_STANDARD = "gnu++17";
				CLANG_CXX_LIBRARY = "libc++";
				CLANG_ENABLE_MODULES = YES;
				CLANG_ENABLE_OBJC_ARC = YES;
				CLANG_ENABLE_OBJC_WEAK = YES;
				CLANG_WARN_BLOCK_CAPTURE_AUTORELEASING = YES;
				CLANG_WARN_BOOL_CONVERSION = YES;
				CLANG_WARN_COMMA = YES;
				CLANG_WARN_CONSTANT_CONVERSION = YES;
				CLANG_WARN_DEPRECATED_OBJC_IMPLEMENTATIONS = YES;
				CLANG_WARN_DIRECT_OBJC_ISA_USAGE = YES_ERROR;
				CLANG_WARN_DOCUMENTATION_COMMENTS = YES;
				CLANG_WARN_EMPTY_BODY = YES;
				CLANG_WARN_ENUM_CONVERSION = YES;
				CLANG_WARN_INFINITE_RECURSION = YES;
				CLANG_WARN_INT_CONVERSION = YES;
				CLANG_WARN_NON_LITERAL_NULL_CONVERSION = YES;
				CLANG_WARN_OBJC_IMPLICIT_RETAIN_SELF = YES;
				CLANG_WARN_OBJC_LITERAL_CONVERSION = YES;
				CLANG_WARN_OBJC_ROOT_CLASS = YES_ERROR;
				CLANG_WARN_QUOTED_INCLUDE_IN_FRAMEWORK_HEADER = YES;
				CLANG_WARN_RANGE_LOOP_ANALYSIS = YES;
				CLANG_WARN_STRICT_PROTOTYPES = YES;
				CLANG_WARN_SUSPICIOUS_MOVE = YES;
				CLANG_WARN_UNGUARDED_AVAILABILITY = YES_AGGRESSIVE;
				CLANG_WARN_UNREACHABLE_CODE = YES;
				CLANG_WARN__DUPLICATE_METHOD_MATCH = YES;
				COPY_PHASE_STRIP = NO;
				DEBUG_INFORMATION_FORMAT = dwarf;
				ENABLE_STRICT_OBJC_MSGSEND = YES;
				ENABLE_TESTABILITY = YES;
				GCC_C_LANGUAGE_STANDARD = gnu11;
				GCC_DYNAMIC_NO_PIC = NO;
				GCC_NO_COMMON_BLOCKS = YES;
				GCC_OPTIMIZATION_LEVEL = 0;
				GCC_PREPROCESSOR_DEFINITIONS = (
					"DEBUG=1",
					"$(inherited)",
				);
				GCC_WARN_64_TO_32_BIT_CONVERSION = YES;
				GCC_WARN_ABOUT_RETURN_TYPE = YES_ERROR;
				GCC_WARN_UNDECLARED_SELECTOR = YES;
				GCC_WARN_UNINITIALIZED_AUTOS = YES_AGGRESSIVE;
				GCC_WARN_UNUSED_FUNCTION = YES;
				GCC_WARN_UNUSED_VARIABLE = YES;
				IPHONEOS_DEPLOYMENT_TARGET = 15.0;
				MTL_ENABLE_DEBUG_INFO = INCLUDE_SOURCE;
				MTL_FAST_MATH = YES;
				ONLY_ACTIVE_ARCH = YES;
				SDKROOT = iphoneos;
				SWIFT_ACTIVE_COMPILATION_CONDITIONS = DEBUG;
				SWIFT_OPTIMIZATION_LEVEL = "-Onone";
			};
			name = Debug;
		};
		004BFF5F277C72B30057CD8C /* Release */ = {
			isa = XCBuildConfiguration;
			buildSettings = {
				ALWAYS_SEARCH_USER_PATHS = NO;
				CLANG_ANALYZER_NONNULL = YES;
				CLANG_ANALYZER_NUMBER_OBJECT_CONVERSION = YES_AGGRESSIVE;
				CLANG_CXX_LANGUAGE_STANDARD = "gnu++17";
				CLANG_CXX_LIBRARY = "libc++";
				CLANG_ENABLE_MODULES = YES;
				CLANG_ENABLE_OBJC_ARC = YES;
				CLANG_ENABLE_OBJC_WEAK = YES;
				CLANG_WARN_BLOCK_CAPTURE_AUTORELEASING = YES;
				CLANG_WARN_BOOL_CONVERSION = YES;
				CLANG_WARN_COMMA = YES;
				CLANG_WARN_CONSTANT_CONVERSION = YES;
				CLANG_WARN_DEPRECATED_OBJC_IMPLEMENTATIONS = YES;
				CLANG_WARN_DIRECT_OBJC_ISA_USAGE = YES_ERROR;
				CLANG_WARN_DOCUMENTATION_COMMENTS = YES;
				CLANG_WARN_EMPTY_BODY = YES;
				CLANG_WARN_ENUM_CONVERSION = YES;
				CLANG_WARN_INFINITE_RECURSION = YES;
				CLANG_WARN_INT_CONVERSION = YES;
				CLANG_WARN_NON_LITERAL_NULL_CONVERSION = YES;
				CLANG_WARN_OBJC_IMPLICIT_RETAIN_SELF = YES;
				CLANG_WARN_OBJC_LITERAL_CONVERSION = YES;
				CLANG_WARN_OBJC_ROOT_CLASS = YES_ERROR;
				CLANG_WARN_QUOTED_INCLUDE_IN_FRAMEWORK_HEADER = YES;
				CLANG_WARN_RANGE_LOOP_ANALYSIS = YES;
				CLANG_WARN_STRICT_PROTOTYPES = YES;
				CLANG_WARN_SUSPICIOUS_MOVE = YES;
				CLANG_WARN_UNGUARDED_AVAILABILITY = YES_AGGRESSIVE;
				CLANG_WARN_UNREACHABLE_CODE = YES;
				CLANG_WARN__DUPLICATE_METHOD_MATCH = YES;
				COPY_PHASE_STRIP = NO;
				DEBUG_INFORMATION_FORMAT = "dwarf-with-dsym";
				ENABLE_NS_ASSERTIONS = NO;
				ENABLE_STRICT_OBJC_MSGSEND = YES;
				GCC_C_LANGUAGE_STANDARD = gnu11;
				GCC_NO_COMMON_BLOCKS = YES;
				GCC_WARN_64_TO_32_BIT_CONVERSION = YES;
				GCC_WARN_ABOUT_RETURN_TYPE = YES_ERROR;
				GCC_WARN_UNDECLARED_SELECTOR = YES;
				GCC_WARN_UNINITIALIZED_AUTOS = YES_AGGRESSIVE;
				GCC_WARN_UNUSED_FUNCTION = YES;
				GCC_WARN_UNUSED_VARIABLE = YES;
				IPHONEOS_DEPLOYMENT_TARGET = 15.0;
				MTL_ENABLE_DEBUG_INFO = NO;
				MTL_FAST_MATH = YES;
				SDKROOT = iphoneos;
				SWIFT_COMPILATION_MODE = wholemodule;
				SWIFT_OPTIMIZATION_LEVEL = "-O";
				VALIDATE_PRODUCT = YES;
			};
			name = Release;
		};
		004BFF61277C72B30057CD8C /* Debug */ = {
			isa = XCBuildConfiguration;
			buildSettings = {
				ASSETCATALOG_COMPILER_APPICON_NAME = AppIcon;
				ASSETCATALOG_COMPILER_GLOBAL_ACCENT_COLOR_NAME = AccentColor;
				CODE_SIGN_STYLE = Automatic;
				CURRENT_PROJECT_VERSION = 1;
				GENERATE_INFOPLIST_FILE = YES;
				INFOPLIST_FILE = "Chat-FullStackProject/Info.plist";
				INFOPLIST_KEY_UIApplicationSupportsIndirectInputEvents = YES;
				INFOPLIST_KEY_UILaunchStoryboardName = LaunchScreen;
				INFOPLIST_KEY_UIMainStoryboardFile = Main;
				INFOPLIST_KEY_UISupportedInterfaceOrientations_iPad = "UIInterfaceOrientationPortrait UIInterfaceOrientationPortraitUpsideDown UIInterfaceOrientationLandscapeLeft UIInterfaceOrientationLandscapeRight";
				INFOPLIST_KEY_UISupportedInterfaceOrientations_iPhone = "UIInterfaceOrientationPortrait UIInterfaceOrientationLandscapeLeft UIInterfaceOrientationLandscapeRight";
				LD_RUNPATH_SEARCH_PATHS = (
					"$(inherited)",
					"@executable_path/Frameworks",
				);
				MARKETING_VERSION = 1.0;
				PRODUCT_BUNDLE_IDENTIFIER = com.Ahmed.chatfullstackproject;
				PRODUCT_NAME = "$(TARGET_NAME)";
				SWIFT_EMIT_LOC_STRINGS = YES;
				SWIFT_VERSION = 5.0;
				TARGETED_DEVICE_FAMILY = "1,2";
			};
			name = Debug;
		};
		004BFF62277C72B30057CD8C /* Release */ = {
			isa = XCBuildConfiguration;
			buildSettings = {
				ASSETCATALOG_COMPILER_APPICON_NAME = AppIcon;
				ASSETCATALOG_COMPILER_GLOBAL_ACCENT_COLOR_NAME = AccentColor;
				CODE_SIGN_STYLE = Automatic;
				CURRENT_PROJECT_VERSION = 1;
				GENERATE_INFOPLIST_FILE = YES;
				INFOPLIST_FILE = "Chat-FullStackProject/Info.plist";
				INFOPLIST_KEY_UIApplicationSupportsIndirectInputEvents = YES;
				INFOPLIST_KEY_UILaunchStoryboardName = LaunchScreen;
				INFOPLIST_KEY_UIMainStoryboardFile = Main;
				INFOPLIST_KEY_UISupportedInterfaceOrientations_iPad = "UIInterfaceOrientationPortrait UIInterfaceOrientationPortraitUpsideDown UIInterfaceOrientationLandscapeLeft UIInterfaceOrientationLandscapeRight";
				INFOPLIST_KEY_UISupportedInterfaceOrientations_iPhone = "UIInterfaceOrientationPortrait UIInterfaceOrientationLandscapeLeft UIInterfaceOrientationLandscapeRight";
				LD_RUNPATH_SEARCH_PATHS = (
					"$(inherited)",
					"@executable_path/Frameworks",
				);
				MARKETING_VERSION = 1.0;
				PRODUCT_BUNDLE_IDENTIFIER = com.Ahmed.chatfullstackproject;
				PRODUCT_NAME = "$(TARGET_NAME)";
				SWIFT_EMIT_LOC_STRINGS = YES;
				SWIFT_VERSION = 5.0;
				TARGETED_DEVICE_FAMILY = "1,2";
			};
			name = Release;
		};
/* End XCBuildConfiguration section */

/* Begin XCConfigurationList section */
		004BFF47277C72B00057CD8C /* Build configuration list for PBXProject "Chat-FullStackProject" */ = {
			isa = XCConfigurationList;
			buildConfigurations = (
				004BFF5E277C72B30057CD8C /* Debug */,
				004BFF5F277C72B30057CD8C /* Release */,
			);
			defaultConfigurationIsVisible = 0;
			defaultConfigurationName = Release;
		};
		004BFF60277C72B30057CD8C /* Build configuration list for PBXNativeTarget "Chat-FullStackProject" */ = {
			isa = XCConfigurationList;
			buildConfigurations = (
				004BFF61277C72B30057CD8C /* Debug */,
				004BFF62277C72B30057CD8C /* Release */,
			);
			defaultConfigurationIsVisible = 0;
			defaultConfigurationName = Release;
		};
/* End XCConfigurationList section */

/* Begin XCRemoteSwiftPackageReference section */
		006C0ADF277C8647005D7282 /* XCRemoteSwiftPackageReference "firebase-ios-sdk" */ = {
			isa = XCRemoteSwiftPackageReference;
			repositoryURL = "https://github.com/firebase/firebase-ios-sdk";
			requirement = {
				branch = master;
				kind = branch;
			};
		};
/* End XCRemoteSwiftPackageReference section */

/* Begin XCSwiftPackageProductDependency section */
		006C0AE0277C8647005D7282 /* FirebaseAnalytics */ = {
			isa = XCSwiftPackageProductDependency;
			package = 006C0ADF277C8647005D7282 /* XCRemoteSwiftPackageReference "firebase-ios-sdk" */;
			productName = FirebaseAnalytics;
		};
		006C0AE2277C8647005D7282 /* FirebaseAuth */ = {
			isa = XCSwiftPackageProductDependency;
			package = 006C0ADF277C8647005D7282 /* XCRemoteSwiftPackageReference "firebase-ios-sdk" */;
			productName = FirebaseAuth;
		};
		006C0AE4277C8647005D7282 /* FirebaseDatabase */ = {
			isa = XCSwiftPackageProductDependency;
			package = 006C0ADF277C8647005D7282 /* XCRemoteSwiftPackageReference "firebase-ios-sdk" */;
			productName = FirebaseDatabase;
		};
		006C0AE6277C8647005D7282 /* FirebaseStorage */ = {
			isa = XCSwiftPackageProductDependency;
			package = 006C0ADF277C8647005D7282 /* XCRemoteSwiftPackageReference "firebase-ios-sdk" */;
			productName = FirebaseStorage;
		};
/* End XCSwiftPackageProductDependency section */
	};
	rootObject = 004BFF44277C72B00057CD8C /* Project object */;
}
